
Microsoft Visual Studio Solution File, Format Version 12.00
# Visual Studio Version 17
VisualStudioVersion = 17.7.34031.279
MinimumVisualStudioVersion = 10.0.40219.1
Project("{8BC9CEB8-8B4A-11D0-8D11-00A0C91BC942}") = "2023.11.22-homework-6", "2023.11.22-homework-6\2023.11.22-homework-6.vcxproj", "{57DCC084-06F9-4600-92B0-C14B6D936A8D}"
EndProject
Global
	GlobalSection(SolutionConfigurationPlatforms) = preSolution
		Debug|x64 = Debug|x64
		Debug|x86 = Debug|x86
		Release|x64 = Release|x64
		Release|x86 = Release|x86
	EndGlobalSection
	GlobalSection(ProjectConfigurationPlatforms) = postSolution
		{57DCC084-06F9-4600-92B0-C14B6D936A8D}.Debug|x64.ActiveCfg = Debug|x64
		{57DCC084-06F9-4600-92B0-C14B6D936A8D}.Debug|x64.Build.0 = Debug|x64
		{57DCC084-06F9-4600-92B0-C14B6D936A8D}.Debug|x86.ActiveCfg = Debug|Win32
		{57DCC084-06F9-4600-92B0-C14B6D936A8D}.Debug|x86.Build.0 = Debug|Win32
		{57DCC084-06F9-4600-92B0-C14B6D936A8D}.Release|x64.ActiveCfg = Release|x64
		{57DCC084-06F9-4600-92B0-C14B6D936A8D}.Release|x64.Build.0 = Release|x64
		{57DCC084-06F9-4600-92B0-C14B6D936A8D}.Release|x86.ActiveCfg = Release|Win32
		{57DCC084-06F9-4600-92B0-C14B6D936A8D}.Release|x86.Build.0 = Release|Win32
	EndGlobalSection
	GlobalSection(SolutionProperties) = preSolution
		HideSolutionNode = FALSE
	EndGlobalSection
	GlobalSection(ExtensibilityGlobals) = postSolution
		SolutionGuid = {7418EBE8-E3EC-450D-A717-B9667D9359A5}
	EndGlobalSection
EndGlobal
