
Microsoft Visual Studio Solution File, Format Version 12.00
# Visual Studio Version 17
VisualStudioVersion = 17.7.34031.279
MinimumVisualStudioVersion = 10.0.40219.1
Project("{8BC9CEB8-8B4A-11D0-8D11-00A0C91BC942}") = "2023.10.05-dopusk", "2023.10.05-dopusk\2023.10.05-dopusk.vcxproj", "{3D15B1D6-4C2E-413C-8E3A-D631F300A640}"
EndProject
Project("{8BC9CEB8-8B4A-11D0-8D11-00A0C91BC942}") = "1_A", "1_A\1_A.vcxproj", "{67878162-09A3-418A-860B-E3C74F1AE938}"
EndProject
Project("{8BC9CEB8-8B4A-11D0-8D11-00A0C91BC942}") = "1_Б", "1_Б\1_Б.vcxproj", "{96478B09-3DA9-4DBC-AA9D-CD59EDD38567}"
EndProject
Project("{8BC9CEB8-8B4A-11D0-8D11-00A0C91BC942}") = "1_B", "1_B\1_B.vcxproj", "{70893378-B235-4FE2-A3F2-FF658E691368}"
EndProject
Project("{8BC9CEB8-8B4A-11D0-8D11-00A0C91BC942}") = "2_А", "2_А\2_А.vcxproj", "{A3CCD841-E226-4DBE-B011-77667B26BE2C}"
EndProject
Project("{8BC9CEB8-8B4A-11D0-8D11-00A0C91BC942}") = "2_Б", "2_Б\2_Б.vcxproj", "{4A3D48BF-EDF7-4027-9591-AEDDF2E39A2C}"
EndProject
Project("{8BC9CEB8-8B4A-11D0-8D11-00A0C91BC942}") = "2_E", "2_E\2_E.vcxproj", "{43F334A9-9A31-40C7-82F5-65CE01C3A0DD}"
EndProject
Project("{8BC9CEB8-8B4A-11D0-8D11-00A0C91BC942}") = "2_В", "2_В\2_В.vcxproj", "{29E90B03-FE49-42AC-A34E-FC45C4847A52}"
EndProject
Project("{8BC9CEB8-8B4A-11D0-8D11-00A0C91BC942}") = "2_Г", "2_Г\2_Г.vcxproj", "{4AAAB5D2-4F87-4F84-A353-CB5DF77AD15D}"
EndProject
Project("{8BC9CEB8-8B4A-11D0-8D11-00A0C91BC942}") = "2_Д", "2_Д\2_Д.vcxproj", "{2FCA8139-757F-4559-AEB6-0B3CDD627D9D}"
EndProject
Project("{8BC9CEB8-8B4A-11D0-8D11-00A0C91BC942}") = "3", "3\3.vcxproj", "{C3287899-AD18-473E-BBD0-29E58F5542DB}"
EndProject
Global
	GlobalSection(SolutionConfigurationPlatforms) = preSolution
		Debug|x64 = Debug|x64
		Debug|x86 = Debug|x86
		Release|x64 = Release|x64
		Release|x86 = Release|x86
	EndGlobalSection
	GlobalSection(ProjectConfigurationPlatforms) = postSolution
		{3D15B1D6-4C2E-413C-8E3A-D631F300A640}.Debug|x64.ActiveCfg = Debug|x64
		{3D15B1D6-4C2E-413C-8E3A-D631F300A640}.Debug|x64.Build.0 = Debug|x64
		{3D15B1D6-4C2E-413C-8E3A-D631F300A640}.Debug|x86.ActiveCfg = Debug|Win32
		{3D15B1D6-4C2E-413C-8E3A-D631F300A640}.Debug|x86.Build.0 = Debug|Win32
		{3D15B1D6-4C2E-413C-8E3A-D631F300A640}.Release|x64.ActiveCfg = Release|x64
		{3D15B1D6-4C2E-413C-8E3A-D631F300A640}.Release|x64.Build.0 = Release|x64
		{3D15B1D6-4C2E-413C-8E3A-D631F300A640}.Release|x86.ActiveCfg = Release|Win32
		{3D15B1D6-4C2E-413C-8E3A-D631F300A640}.Release|x86.Build.0 = Release|Win32
		{67878162-09A3-418A-860B-E3C74F1AE938}.Debug|x64.ActiveCfg = Debug|x64
		{67878162-09A3-418A-860B-E3C74F1AE938}.Debug|x64.Build.0 = Debug|x64
		{67878162-09A3-418A-860B-E3C74F1AE938}.Debug|x86.ActiveCfg = Debug|Win32
		{67878162-09A3-418A-860B-E3C74F1AE938}.Debug|x86.Build.0 = Debug|Win32
		{67878162-09A3-418A-860B-E3C74F1AE938}.Release|x64.ActiveCfg = Release|x64
		{67878162-09A3-418A-860B-E3C74F1AE938}.Release|x64.Build.0 = Release|x64
		{67878162-09A3-418A-860B-E3C74F1AE938}.Release|x86.ActiveCfg = Release|Win32
		{67878162-09A3-418A-860B-E3C74F1AE938}.Release|x86.Build.0 = Release|Win32
		{96478B09-3DA9-4DBC-AA9D-CD59EDD38567}.Debug|x64.ActiveCfg = Debug|x64
		{96478B09-3DA9-4DBC-AA9D-CD59EDD38567}.Debug|x64.Build.0 = Debug|x64
		{96478B09-3DA9-4DBC-AA9D-CD59EDD38567}.Debug|x86.ActiveCfg = Debug|Win32
		{96478B09-3DA9-4DBC-AA9D-CD59EDD38567}.Debug|x86.Build.0 = Debug|Win32
		{96478B09-3DA9-4DBC-AA9D-CD59EDD38567}.Release|x64.ActiveCfg = Release|x64
		{96478B09-3DA9-4DBC-AA9D-CD59EDD38567}.Release|x64.Build.0 = Release|x64
		{96478B09-3DA9-4DBC-AA9D-CD59EDD38567}.Release|x86.ActiveCfg = Release|Win32
		{96478B09-3DA9-4DBC-AA9D-CD59EDD38567}.Release|x86.Build.0 = Release|Win32
		{70893378-B235-4FE2-A3F2-FF658E691368}.Debug|x64.ActiveCfg = Debug|x64
		{70893378-B235-4FE2-A3F2-FF658E691368}.Debug|x64.Build.0 = Debug|x64
		{70893378-B235-4FE2-A3F2-FF658E691368}.Debug|x86.ActiveCfg = Debug|Win32
		{70893378-B235-4FE2-A3F2-FF658E691368}.Debug|x86.Build.0 = Debug|Win32
		{70893378-B235-4FE2-A3F2-FF658E691368}.Release|x64.ActiveCfg = Release|x64
		{70893378-B235-4FE2-A3F2-FF658E691368}.Release|x64.Build.0 = Release|x64
		{70893378-B235-4FE2-A3F2-FF658E691368}.Release|x86.ActiveCfg = Release|Win32
		{70893378-B235-4FE2-A3F2-FF658E691368}.Release|x86.Build.0 = Release|Win32
		{A3CCD841-E226-4DBE-B011-77667B26BE2C}.Debug|x64.ActiveCfg = Debug|x64
		{A3CCD841-E226-4DBE-B011-77667B26BE2C}.Debug|x64.Build.0 = Debug|x64
		{A3CCD841-E226-4DBE-B011-77667B26BE2C}.Debug|x86.ActiveCfg = Debug|Win32
		{A3CCD841-E226-4DBE-B011-77667B26BE2C}.Debug|x86.Build.0 = Debug|Win32
		{A3CCD841-E226-4DBE-B011-77667B26BE2C}.Release|x64.ActiveCfg = Release|x64
		{A3CCD841-E226-4DBE-B011-77667B26BE2C}.Release|x64.Build.0 = Release|x64
		{A3CCD841-E226-4DBE-B011-77667B26BE2C}.Release|x86.ActiveCfg = Release|Win32
		{A3CCD841-E226-4DBE-B011-77667B26BE2C}.Release|x86.Build.0 = Release|Win32
		{4A3D48BF-EDF7-4027-9591-AEDDF2E39A2C}.Debug|x64.ActiveCfg = Debug|x64
		{4A3D48BF-EDF7-4027-9591-AEDDF2E39A2C}.Debug|x64.Build.0 = Debug|x64
		{4A3D48BF-EDF7-4027-9591-AEDDF2E39A2C}.Debug|x86.ActiveCfg = Debug|Win32
		{4A3D48BF-EDF7-4027-9591-AEDDF2E39A2C}.Debug|x86.Build.0 = Debug|Win32
		{4A3D48BF-EDF7-4027-9591-AEDDF2E39A2C}.Release|x64.ActiveCfg = Release|x64
		{4A3D48BF-EDF7-4027-9591-AEDDF2E39A2C}.Release|x64.Build.0 = Release|x64
		{4A3D48BF-EDF7-4027-9591-AEDDF2E39A2C}.Release|x86.ActiveCfg = Release|Win32
		{4A3D48BF-EDF7-4027-9591-AEDDF2E39A2C}.Release|x86.Build.0 = Release|Win32
		{43F334A9-9A31-40C7-82F5-65CE01C3A0DD}.Debug|x64.ActiveCfg = Debug|x64
		{43F334A9-9A31-40C7-82F5-65CE01C3A0DD}.Debug|x64.Build.0 = Debug|x64
		{43F334A9-9A31-40C7-82F5-65CE01C3A0DD}.Debug|x86.ActiveCfg = Debug|Win32
		{43F334A9-9A31-40C7-82F5-65CE01C3A0DD}.Debug|x86.Build.0 = Debug|Win32
		{43F334A9-9A31-40C7-82F5-65CE01C3A0DD}.Release|x64.ActiveCfg = Release|x64
		{43F334A9-9A31-40C7-82F5-65CE01C3A0DD}.Release|x64.Build.0 = Release|x64
		{43F334A9-9A31-40C7-82F5-65CE01C3A0DD}.Release|x86.ActiveCfg = Release|Win32
		{43F334A9-9A31-40C7-82F5-65CE01C3A0DD}.Release|x86.Build.0 = Release|Win32
		{29E90B03-FE49-42AC-A34E-FC45C4847A52}.Debug|x64.ActiveCfg = Debug|x64
		{29E90B03-FE49-42AC-A34E-FC45C4847A52}.Debug|x64.Build.0 = Debug|x64
		{29E90B03-FE49-42AC-A34E-FC45C4847A52}.Debug|x86.ActiveCfg = Debug|Win32
		{29E90B03-FE49-42AC-A34E-FC45C4847A52}.Debug|x86.Build.0 = Debug|Win32
		{29E90B03-FE49-42AC-A34E-FC45C4847A52}.Release|x64.ActiveCfg = Release|x64
		{29E90B03-FE49-42AC-A34E-FC45C4847A52}.Release|x64.Build.0 = Release|x64
		{29E90B03-FE49-42AC-A34E-FC45C4847A52}.Release|x86.ActiveCfg = Release|Win32
		{29E90B03-FE49-42AC-A34E-FC45C4847A52}.Release|x86.Build.0 = Release|Win32
		{4AAAB5D2-4F87-4F84-A353-CB5DF77AD15D}.Debug|x64.ActiveCfg = Debug|x64
		{4AAAB5D2-4F87-4F84-A353-CB5DF77AD15D}.Debug|x64.Build.0 = Debug|x64
		{4AAAB5D2-4F87-4F84-A353-CB5DF77AD15D}.Debug|x86.ActiveCfg = Debug|Win32
		{4AAAB5D2-4F87-4F84-A353-CB5DF77AD15D}.Debug|x86.Build.0 = Debug|Win32
		{4AAAB5D2-4F87-4F84-A353-CB5DF77AD15D}.Release|x64.ActiveCfg = Release|x64
		{4AAAB5D2-4F87-4F84-A353-CB5DF77AD15D}.Release|x64.Build.0 = Release|x64
		{4AAAB5D2-4F87-4F84-A353-CB5DF77AD15D}.Release|x86.ActiveCfg = Release|Win32
		{4AAAB5D2-4F87-4F84-A353-CB5DF77AD15D}.Release|x86.Build.0 = Release|Win32
		{2FCA8139-757F-4559-AEB6-0B3CDD627D9D}.Debug|x64.ActiveCfg = Debug|x64
		{2FCA8139-757F-4559-AEB6-0B3CDD627D9D}.Debug|x64.Build.0 = Debug|x64
		{2FCA8139-757F-4559-AEB6-0B3CDD627D9D}.Debug|x86.ActiveCfg = Debug|Win32
		{2FCA8139-757F-4559-AEB6-0B3CDD627D9D}.Debug|x86.Build.0 = Debug|Win32
		{2FCA8139-757F-4559-AEB6-0B3CDD627D9D}.Release|x64.ActiveCfg = Release|x64
		{2FCA8139-757F-4559-AEB6-0B3CDD627D9D}.Release|x64.Build.0 = Release|x64
		{2FCA8139-757F-4559-AEB6-0B3CDD627D9D}.Release|x86.ActiveCfg = Release|Win32
		{2FCA8139-757F-4559-AEB6-0B3CDD627D9D}.Release|x86.Build.0 = Release|Win32
		{C3287899-AD18-473E-BBD0-29E58F5542DB}.Debug|x64.ActiveCfg = Debug|x64
		{C3287899-AD18-473E-BBD0-29E58F5542DB}.Debug|x64.Build.0 = Debug|x64
		{C3287899-AD18-473E-BBD0-29E58F5542DB}.Debug|x86.ActiveCfg = Debug|Win32
		{C3287899-AD18-473E-BBD0-29E58F5542DB}.Debug|x86.Build.0 = Debug|Win32
		{C3287899-AD18-473E-BBD0-29E58F5542DB}.Release|x64.ActiveCfg = Release|x64
		{C3287899-AD18-473E-BBD0-29E58F5542DB}.Release|x64.Build.0 = Release|x64
		{C3287899-AD18-473E-BBD0-29E58F5542DB}.Release|x86.ActiveCfg = Release|Win32
		{C3287899-AD18-473E-BBD0-29E58F5542DB}.Release|x86.Build.0 = Release|Win32
	EndGlobalSection
	GlobalSection(SolutionProperties) = preSolution
		HideSolutionNode = FALSE
	EndGlobalSection
	GlobalSection(ExtensibilityGlobals) = postSolution
		SolutionGuid = {18E7B20E-6544-476D-A70C-74A3EFBF3822}
	EndGlobalSection
EndGlobal
