
Microsoft Visual Studio Solution File, Format Version 12.00
# Visual Studio Version 17
VisualStudioVersion = 17.7.34024.191
MinimumVisualStudioVersion = 10.0.40219.1
Project("{8BC9CEB8-8B4A-11D0-8D11-00A0C91BC942}") = "Project8", "Project8\Project8.vcxproj", "{35C904B2-FA3D-4AE6-9A4B-EF89BCBE4C2C}"
EndProject
Project("{8BC9CEB8-8B4A-11D0-8D11-00A0C91BC942}") = "Project9", "Project9\Project9.vcxproj", "{E9AB118E-9D91-482C-9480-F3685747E73B}"
EndProject
Project("{8BC9CEB8-8B4A-11D0-8D11-00A0C91BC942}") = "Project10", "Project10\Project10.vcxproj", "{2A8FE3CA-732B-4E44-8C91-BEA1B8BE8E77}"
EndProject
Project("{8BC9CEB8-8B4A-11D0-8D11-00A0C91BC942}") = "Project11", "Project11\Project11.vcxproj", "{CBBF5311-B2B4-4C65-AE97-E0FAF37BA408}"
EndProject
Project("{8BC9CEB8-8B4A-11D0-8D11-00A0C91BC942}") = "Project12", "Project12\Project12.vcxproj", "{9156A394-2B0A-4D18-8753-09CA8749B16F}"
EndProject
Project("{8BC9CEB8-8B4A-11D0-8D11-00A0C91BC942}") = "Project13", "Project13\Project13.vcxproj", "{ECBE7296-48F3-4555-8D0B-52C6FBE48AA8}"
EndProject
Project("{8BC9CEB8-8B4A-11D0-8D11-00A0C91BC942}") = "Project14", "Project14\Project14.vcxproj", "{7BE37E50-7503-42E8-97D6-B37962C52272}"
EndProject
Global
	GlobalSection(SolutionConfigurationPlatforms) = preSolution
		Debug|x64 = Debug|x64
		Debug|x86 = Debug|x86
		Release|x64 = Release|x64
		Release|x86 = Release|x86
	EndGlobalSection
	GlobalSection(ProjectConfigurationPlatforms) = postSolution
		{35C904B2-FA3D-4AE6-9A4B-EF89BCBE4C2C}.Debug|x64.ActiveCfg = Debug|x64
		{35C904B2-FA3D-4AE6-9A4B-EF89BCBE4C2C}.Debug|x64.Build.0 = Debug|x64
		{35C904B2-FA3D-4AE6-9A4B-EF89BCBE4C2C}.Debug|x86.ActiveCfg = Debug|Win32
		{35C904B2-FA3D-4AE6-9A4B-EF89BCBE4C2C}.Debug|x86.Build.0 = Debug|Win32
		{35C904B2-FA3D-4AE6-9A4B-EF89BCBE4C2C}.Release|x64.ActiveCfg = Release|x64
		{35C904B2-FA3D-4AE6-9A4B-EF89BCBE4C2C}.Release|x64.Build.0 = Release|x64
		{35C904B2-FA3D-4AE6-9A4B-EF89BCBE4C2C}.Release|x86.ActiveCfg = Release|Win32
		{35C904B2-FA3D-4AE6-9A4B-EF89BCBE4C2C}.Release|x86.Build.0 = Release|Win32
		{E9AB118E-9D91-482C-9480-F3685747E73B}.Debug|x64.ActiveCfg = Debug|x64
		{E9AB118E-9D91-482C-9480-F3685747E73B}.Debug|x64.Build.0 = Debug|x64
		{E9AB118E-9D91-482C-9480-F3685747E73B}.Debug|x86.ActiveCfg = Debug|Win32
		{E9AB118E-9D91-482C-9480-F3685747E73B}.Debug|x86.Build.0 = Debug|Win32
		{E9AB118E-9D91-482C-9480-F3685747E73B}.Release|x64.ActiveCfg = Release|x64
		{E9AB118E-9D91-482C-9480-F3685747E73B}.Release|x64.Build.0 = Release|x64
		{E9AB118E-9D91-482C-9480-F3685747E73B}.Release|x86.ActiveCfg = Release|Win32
		{E9AB118E-9D91-482C-9480-F3685747E73B}.Release|x86.Build.0 = Release|Win32
		{2A8FE3CA-732B-4E44-8C91-BEA1B8BE8E77}.Debug|x64.ActiveCfg = Debug|x64
		{2A8FE3CA-732B-4E44-8C91-BEA1B8BE8E77}.Debug|x64.Build.0 = Debug|x64
		{2A8FE3CA-732B-4E44-8C91-BEA1B8BE8E77}.Debug|x86.ActiveCfg = Debug|Win32
		{2A8FE3CA-732B-4E44-8C91-BEA1B8BE8E77}.Debug|x86.Build.0 = Debug|Win32
		{2A8FE3CA-732B-4E44-8C91-BEA1B8BE8E77}.Release|x64.ActiveCfg = Release|x64
		{2A8FE3CA-732B-4E44-8C91-BEA1B8BE8E77}.Release|x64.Build.0 = Release|x64
		{2A8FE3CA-732B-4E44-8C91-BEA1B8BE8E77}.Release|x86.ActiveCfg = Release|Win32
		{2A8FE3CA-732B-4E44-8C91-BEA1B8BE8E77}.Release|x86.Build.0 = Release|Win32
		{CBBF5311-B2B4-4C65-AE97-E0FAF37BA408}.Debug|x64.ActiveCfg = Debug|x64
		{CBBF5311-B2B4-4C65-AE97-E0FAF37BA408}.Debug|x64.Build.0 = Debug|x64
		{CBBF5311-B2B4-4C65-AE97-E0FAF37BA408}.Debug|x86.ActiveCfg = Debug|Win32
		{CBBF5311-B2B4-4C65-AE97-E0FAF37BA408}.Debug|x86.Build.0 = Debug|Win32
		{CBBF5311-B2B4-4C65-AE97-E0FAF37BA408}.Release|x64.ActiveCfg = Release|x64
		{CBBF5311-B2B4-4C65-AE97-E0FAF37BA408}.Release|x64.Build.0 = Release|x64
		{CBBF5311-B2B4-4C65-AE97-E0FAF37BA408}.Release|x86.ActiveCfg = Release|Win32
		{CBBF5311-B2B4-4C65-AE97-E0FAF37BA408}.Release|x86.Build.0 = Release|Win32
		{9156A394-2B0A-4D18-8753-09CA8749B16F}.Debug|x64.ActiveCfg = Debug|x64
		{9156A394-2B0A-4D18-8753-09CA8749B16F}.Debug|x64.Build.0 = Debug|x64
		{9156A394-2B0A-4D18-8753-09CA8749B16F}.Debug|x86.ActiveCfg = Debug|Win32
		{9156A394-2B0A-4D18-8753-09CA8749B16F}.Debug|x86.Build.0 = Debug|Win32
		{9156A394-2B0A-4D18-8753-09CA8749B16F}.Release|x64.ActiveCfg = Release|x64
		{9156A394-2B0A-4D18-8753-09CA8749B16F}.Release|x64.Build.0 = Release|x64
		{9156A394-2B0A-4D18-8753-09CA8749B16F}.Release|x86.ActiveCfg = Release|Win32
		{9156A394-2B0A-4D18-8753-09CA8749B16F}.Release|x86.Build.0 = Release|Win32
		{ECBE7296-48F3-4555-8D0B-52C6FBE48AA8}.Debug|x64.ActiveCfg = Debug|x64
		{ECBE7296-48F3-4555-8D0B-52C6FBE48AA8}.Debug|x64.Build.0 = Debug|x64
		{ECBE7296-48F3-4555-8D0B-52C6FBE48AA8}.Debug|x86.ActiveCfg = Debug|Win32
		{ECBE7296-48F3-4555-8D0B-52C6FBE48AA8}.Debug|x86.Build.0 = Debug|Win32
		{ECBE7296-48F3-4555-8D0B-52C6FBE48AA8}.Release|x64.ActiveCfg = Release|x64
		{ECBE7296-48F3-4555-8D0B-52C6FBE48AA8}.Release|x64.Build.0 = Release|x64
		{ECBE7296-48F3-4555-8D0B-52C6FBE48AA8}.Release|x86.ActiveCfg = Release|Win32
		{ECBE7296-48F3-4555-8D0B-52C6FBE48AA8}.Release|x86.Build.0 = Release|Win32
		{7BE37E50-7503-42E8-97D6-B37962C52272}.Debug|x64.ActiveCfg = Debug|x64
		{7BE37E50-7503-42E8-97D6-B37962C52272}.Debug|x64.Build.0 = Debug|x64
		{7BE37E50-7503-42E8-97D6-B37962C52272}.Debug|x86.ActiveCfg = Debug|Win32
		{7BE37E50-7503-42E8-97D6-B37962C52272}.Debug|x86.Build.0 = Debug|Win32
		{7BE37E50-7503-42E8-97D6-B37962C52272}.Release|x64.ActiveCfg = Release|x64
		{7BE37E50-7503-42E8-97D6-B37962C52272}.Release|x64.Build.0 = Release|x64
		{7BE37E50-7503-42E8-97D6-B37962C52272}.Release|x86.ActiveCfg = Release|Win32
		{7BE37E50-7503-42E8-97D6-B37962C52272}.Release|x86.Build.0 = Release|Win32
	EndGlobalSection
	GlobalSection(SolutionProperties) = preSolution
		HideSolutionNode = FALSE
	EndGlobalSection
	GlobalSection(ExtensibilityGlobals) = postSolution
		SolutionGuid = {F31CE1EB-7E3D-43AB-B4AC-5C9A1247AD4C}
	EndGlobalSection
EndGlobal
